# This file is @generated by PDM.
# It is not intended for manual editing.

[metadata]
groups = ["default"]
strategy = ["inherit_metadata"]
lock_version = "4.5.0"
content_hash = "sha256:1b629275916d620de892d4744d4c459e081255b3860cfdcb8096dc301de104de"

[[metadata.targets]]
requires_python = "==3.13.*"

[[package]]
name = "asgiref"
version = "3.2.10"
requires_python = ">=3.5"
summary = "ASGI specs, helper code, and adapters"
groups = ["default"]
files = [
    {file = "asgiref-3.2.10-py3-none-any.whl", hash = "sha256:9fc6fb5d39b8af147ba40765234fa822b39818b12cc80b35ad9b0cef3a476aed"},
    {file = "asgiref-3.2.10.tar.gz", hash = "sha256:7e51911ee147dd685c3c8b805c0ad0cb58d360987b56953878f8c06d2d1c6f1a"},
]

[[package]]
name = "beautifulsoup4"
version = "4.9.1"
summary = "Screen-scraping library"
groups = ["default"]
dependencies = [
    "soupsieve>1.2",
]
files = [
    {file = "beautifulsoup4-4.9.1-py3-none-any.whl", hash = "sha256:a6237df3c32ccfaee4fd201c8f5f9d9df619b93121d01353a64a73ce8c6ef9a8"},
    {file = "beautifulsoup4-4.9.1.tar.gz", hash = "sha256:73cc4d115b96f79c7d77c1c7f7a0a8d4c57860d1041df407dd1aae7f07a77fd7"},
]

[[package]]
name = "certifi"
version = "2020.6.20"
summary = "Python package for providing Mozilla's CA Bundle."
groups = ["default"]
files = [
    {file = "certifi-2020.6.20-py2.py3-none-any.whl", hash = "sha256:8fc0819f1f30ba15bdb34cceffb9ef04d99f420f68eb75d901e9560b8749fc41"},
    {file = "certifi-2020.6.20.tar.gz", hash = "sha256:5930595817496dd21bb8dc35dad090f1c2cd0adfaf21204bf6732ca5d8ee34d3"},
]

[[package]]
name = "chardet"
version = "3.0.4"
summary = "Universal encoding detector for Python 2 and 3"
groups = ["default"]
files = [
    {file = "chardet-3.0.4-py2.py3-none-any.whl", hash = "sha256:fc323ffcaeaed0e0a02bf4d117757b98aed530d9ed4531e3e15460124c106691"},
    {file = "chardet-3.0.4.tar.gz", hash = "sha256:84ab92ed1c4d4f16916e05906b6b75a6c0fb5db821cc65e70cbd64a3e2a5eaae"},
]

[[package]]
name = "charset-normalizer"
version = "3.4.2"
requires_python = ">=3.7"
summary = "The Real First Universal Charset Detector. Open, modern and actively maintained alternative to Chardet."
groups = ["default"]
files = [
    {file = "charset_normalizer-3.4.2-cp313-cp313-macosx_10_13_universal2.whl", hash = "sha256:926ca93accd5d36ccdabd803392ddc3e03e6d4cd1cf17deff3b989ab8e9dbcf0"},
    {file = "charset_normalizer-3.4.2-cp313-cp313-manylinux_2_17_aarch64.manylinux2014_aarch64.whl", hash = "sha256:eba9904b0f38a143592d9fc0e19e2df0fa2e41c3c3745554761c5f6447eedabf"},
    {file = "charset_normalizer-3.4.2-cp313-cp313-manylinux_2_17_ppc64le.manylinux2014_ppc64le.whl", hash = "sha256:3fddb7e2c84ac87ac3a947cb4e66d143ca5863ef48e4a5ecb83bd48619e4634e"},
    {file = "charset_normalizer-3.4.2-cp313-cp313-manylinux_2_17_s390x.manylinux2014_s390x.whl", hash = "sha256:98f862da73774290f251b9df8d11161b6cf25b599a66baf087c1ffe340e9bfd1"},
    {file = "charset_normalizer-3.4.2-cp313-cp313-manylinux_2_17_x86_64.manylinux2014_x86_64.whl", hash = "sha256:6c9379d65defcab82d07b2a9dfbfc2e95bc8fe0ebb1b176a3190230a3ef0e07c"},
    {file = "charset_normalizer-3.4.2-cp313-cp313-manylinux_2_5_i686.manylinux1_i686.manylinux_2_17_i686.manylinux2014_i686.whl", hash = "sha256:e635b87f01ebc977342e2697d05b56632f5f879a4f15955dfe8cef2448b51691"},
    {file = "charset_normalizer-3.4.2-cp313-cp313-musllinux_1_2_aarch64.whl", hash = "sha256:1c95a1e2902a8b722868587c0e1184ad5c55631de5afc0eb96bc4b0d738092c0"},
    {file = "charset_normalizer-3.4.2-cp313-cp313-musllinux_1_2_i686.whl", hash = "sha256:ef8de666d6179b009dce7bcb2ad4c4a779f113f12caf8dc77f0162c29d20490b"},
    {file = "charset_normalizer-3.4.2-cp313-cp313-musllinux_1_2_ppc64le.whl", hash = "sha256:32fc0341d72e0f73f80acb0a2c94216bd704f4f0bce10aedea38f30502b271ff"},
    {file = "charset_normalizer-3.4.2-cp313-cp313-musllinux_1_2_s390x.whl", hash = "sha256:289200a18fa698949d2b39c671c2cc7a24d44096784e76614899a7ccf2574b7b"},
    {file = "charset_normalizer-3.4.2-cp313-cp313-musllinux_1_2_x86_64.whl", hash = "sha256:4a476b06fbcf359ad25d34a057b7219281286ae2477cc5ff5e3f70a246971148"},
    {file = "charset_normalizer-3.4.2-cp313-cp313-win32.whl", hash = "sha256:aaeeb6a479c7667fbe1099af9617c83aaca22182d6cf8c53966491a0f1b7ffb7"},
    {file = "charset_normalizer-3.4.2-cp313-cp313-win_amd64.whl", hash = "sha256:aa6af9e7d59f9c12b33ae4e9450619cf2488e2bbe9b44030905877f0b2324980"},
    {file = "charset_normalizer-3.4.2-py3-none-any.whl", hash = "sha256:7f56930ab0abd1c45cd15be65cc741c28b1c9a34876ce8c17a2fa107810c0af0"},
    {file = "charset_normalizer-3.4.2.tar.gz", hash = "sha256:5baececa9ecba31eff645232d59845c07aa030f0c81ee70184a90d35099a0e63"},
]

[[package]]
name = "dateparser"
version = "0.7.6"
requires_python = ">=2.7, !=3.0.*, !=3.1.*, !=3.2.*, !=3.3.*, !=3.4.*"
summary = "Date parsing library designed to parse dates from HTML pages"
groups = ["default"]
dependencies = [
    "python-dateutil",
    "pytz",
    "regex!=2019.02.19",
    "tzlocal",
]
files = [
    {file = "dateparser-0.7.6-py2.py3-none-any.whl", hash = "sha256:7552c994f893b5cb8fcf103b4cd2ff7f57aab9bfd2619fdf0cf571c0740fd90b"},
    {file = "dateparser-0.7.6.tar.gz", hash = "sha256:e875efd8c57c85c2d02b238239878db59ff1971f5a823457fcc69e493bf6ebfa"},
]

[[package]]
name = "django"
version = "3.0.8"
requires_python = ">=3.6"
summary = "A high-level Python Web framework that encourages rapid development and clean, pragmatic design."
groups = ["default"]
dependencies = [
    "asgiref~=3.2",
    "pytz",
    "sqlparse>=0.2.2",
]
files = [
    {file = "Django-3.0.8-py3-none-any.whl", hash = "sha256:5457fc953ec560c5521b41fad9e6734a4668b7ba205832191bbdff40ec61073c"},
    {file = "Django-3.0.8.tar.gz", hash = "sha256:31a5fbbea5fc71c99e288ec0b2f00302a0a92c44b13ede80b73a6a4d6d205582"},
]

[[package]]
name = "django-debug-toolbar"
version = "2.2"
requires_python = ">=3.5"
summary = "A configurable set of panels that display various debug information about the current request/response."
groups = ["default"]
dependencies = [
    "Django>=1.11",
    "sqlparse>=0.2.0",
]
files = [
    {file = "django-debug-toolbar-2.2.tar.gz", hash = "sha256:eabbefe89881bbe4ca7c980ff102e3c35c8e8ad6eb725041f538988f2f39a943"},
    {file = "django_debug_toolbar-2.2-py3-none-any.whl", hash = "sha256:ff94725e7aae74b133d0599b9bf89bd4eb8f5d2c964106e61d11750228c8774c"},
]

[[package]]
name = "django-extensions"
version = "3.0.3"
requires_python = ">=3.5"
summary = "Extensions for Django"
groups = ["default"]
dependencies = [
    "six>=1.2",
    "typing; python_version < \"3.5\"",
]
files = [
    {file = "django-extensions-3.0.3.tar.gz", hash = "sha256:6230898b1e1d5deb3ddab8335b2d270edb7afa4ef916a95e479a19fdfb0464cb"},
    {file = "django_extensions-3.0.3-py2.py3-none-any.whl", hash = "sha256:d5fcf8f3bab019487e07473c24453bccd5acfb4440f3ef36788294c307b09d4c"},
]

[[package]]
name = "django-hamlpy"
version = "1.4.4"
requires_python = ">=3.6.2,<4.0.0"
summary = "HAML like syntax for Django templates"
groups = ["default"]
dependencies = [
    "django>=2.1",
    "regex>=2020.1.1",
]
files = [
    {file = "django-hamlpy-1.4.4.tar.gz", hash = "sha256:76252ebb4475c2bffbd2671fc64e9add519dfe53489d48d0727ba7a64c7a9c0b"},
    {file = "django_hamlpy-1.4.4-py3-none-any.whl", hash = "sha256:1cd39ab5bb2af7ee23d1669fa719d5bf4bc0385ebbb827a08471d8a88541b304"},
]

[[package]]
name = "django-leaflet"
version = "0.27.0"
summary = "Use Leaflet in your django projects"
groups = ["default"]
dependencies = [
    "Django",
]
files = [
    {file = "django-leaflet-0.27.0.tar.gz", hash = "sha256:2b6076322706d6966c98da359a120cb2a8a9c3aff235ec5db30399c6f1153fb7"},
]

[[package]]
name = "django-pdb"
version = "0.6.2"
summary = "Easier pdb debugging for Django"
groups = ["default"]
files = [
    {file = "django-pdb-0.6.2.tar.gz", hash = "sha256:eb8f4ed1a7f2b9c67944414688fd39a6f38f410dd7461d417512d72359f0472d"},
]

[[package]]
name = "django-taggit"
version = "1.3.0"
requires_python = ">=3.5"
summary = "django-taggit is a reusable Django application for simple tagging."
groups = ["default"]
dependencies = [
    "Django>=1.11",
]
files = [
    {file = "django-taggit-1.3.0.tar.gz", hash = "sha256:4a833bf71f4c2deddd9745924eee53be1c075d7f0020a06f12e29fa3d752732d"},
    {file = "django_taggit-1.3.0-py3-none-any.whl", hash = "sha256:609b0223d8a652f3fae088b7fd29f294fdadaca2d7931d45c27d6c59b02fdf31"},
]

[[package]]
name = "django-tastypie"
version = "0.14.3"
summary = "A flexible & capable API layer for Django."
groups = ["default"]
dependencies = [
    "python-dateutil!=2.0,>=1.5",
    "python-mimeparse!=1.5,>=0.1.4",
]
files = [
    {file = "django-tastypie-0.14.3.tar.gz", hash = "sha256:79fbadf81a3cc42cb5304731a88f46c207ae4c8efa7556856356ec916e5b2ec7"},
]

[[package]]
name = "django-view-dispatch"
version = "0.1"
summary = "Django utility to dispatch views based on request method"
groups = ["default"]
dependencies = [
    "weirdict",
]
files = [
    {file = "django_view_dispatch-0.1-py2.py3-none-any.whl", hash = "sha256:57b54025af7746a14c3106be3f247f6ab7b41bd6f579a6c99c4c3d737bef749f"},
    {file = "django_view_dispatch-0.1.tar.gz", hash = "sha256:78be42e34a9912142efb0f82f0eb908d3c42f58da8a633b8a9fe9f177d6c5c09"},
]

[[package]]
name = "facepy"
version = "1.0.12"
summary = "Facepy makes it really easy to use Facebook's Graph API"
groups = ["default"]
dependencies = [
    "requests>=0.8",
    "six>=1.6",
]
files = [
    {file = "facepy-1.0.12.tar.gz", hash = "sha256:6a054d04f7ed0d6b17acb7ee6a2b4e69b3108f83578b00c495eb1119087e7cc1"},
]

[[package]]
name = "feedparser"
version = "6.0.11"
requires_python = ">=3.6"
summary = "Universal feed parser, handles RSS 0.9x, RSS 1.0, RSS 2.0, CDF, Atom 0.3, and Atom 1.0 feeds"
groups = ["default"]
dependencies = [
    "sgmllib3k",
]
files = [
    {file = "feedparser-6.0.11-py3-none-any.whl", hash = "sha256:0be7ee7b395572b19ebeb1d6aafb0028dee11169f1c934e0ed67d54992f4ad45"},
    {file = "feedparser-6.0.11.tar.gz", hash = "sha256:c9d0407b64c6f2a065d0ebb292c2b35c01050cc0dc33757461aaabdc4c4184d5"},
]

[[package]]
name = "geographiclib"
version = "1.50"
summary = "The geodesic routines from GeographicLib"
groups = ["default"]
files = [
    {file = "geographiclib-1.50-py3-none-any.whl", hash = "sha256:51cfa698e7183792bce27d8fb63ac8e83689cd8170a730bf35e1a5c5bf8849b9"},
    {file = "geographiclib-1.50.tar.gz", hash = "sha256:12bd46ee7ec25b291ea139b17aa991e7ef373e21abd053949b75c0e9ca55c632"},
]

[[package]]
name = "geopy"
version = "2.0.0"
requires_python = ">=3.5"
summary = "Python Geocoding Toolbox"
groups = ["default"]
dependencies = [
    "geographiclib<2,>=1.49",
]
files = [
    {file = "geopy-2.0.0-py3-none-any.whl", hash = "sha256:fdc596bab67d9f4828f43bf9e97c4e0a1d1518b7c2357485cef0e1c3cf470220"},
    {file = "geopy-2.0.0.tar.gz", hash = "sha256:b88e189f0d2e0051da45b6311d5b2ced59afaf1378eb27ebb57eaf37c166a03b"},
]

[[package]]
name = "gunicorn"
version = "20.0.4"
requires_python = ">=3.4"
summary = "WSGI HTTP Server for UNIX"
groups = ["default"]
dependencies = [
    "setuptools>=3.0",
]
files = [
    {file = "gunicorn-20.0.4-py2.py3-none-any.whl", hash = "sha256:cd4a810dd51bf497552cf3f863b575dabd73d6ad6a91075b65936b151cbf4f9c"},
    {file = "gunicorn-20.0.4.tar.gz", hash = "sha256:1904bb2b8a43658807108d59c3f3d56c2b6121a701161de0ddf9ad140073c626"},
]

[[package]]
name = "hamlpy"
version = "0.82.2"
summary = "HAML like syntax for Django templates"
groups = ["default"]
dependencies = [
    "django",
    "markdown",
    "pygments",
]
files = [
    {file = "hamlpy-0.82.2.tar.gz", hash = "sha256:d63540cf3759b49fd4897ff53de0198d4566988b1c78b210998ceddaa85b80b8"},
]

[[package]]
name = "html5lib"
version = "1.1"
requires_python = ">=2.7, !=3.0.*, !=3.1.*, !=3.2.*, !=3.3.*, !=3.4.*"
summary = "HTML parser based on the WHATWG HTML specification"
groups = ["default"]
dependencies = [
    "six>=1.9",
    "webencodings",
]
files = [
    {file = "html5lib-1.1-py2.py3-none-any.whl", hash = "sha256:0d78f8fde1c230e99fe37986a60526d7049ed4bf8a9fadbad5f00e22e58e041d"},
    {file = "html5lib-1.1.tar.gz", hash = "sha256:b2e5b40261e20f354d198eae92afc10d750afb487ed5e50f9c4eaf07c184146f"},
]

[[package]]
name = "icalendar"
version = "4.0.6"
requires_python = ">=2.7, !=3.0.*, !=3.1.*, !=3.2.*, !=3.3.*"
summary = "iCalendar parser/generator"
groups = ["default"]
dependencies = [
    "python-dateutil",
    "pytz",
]
files = [
    {file = "icalendar-4.0.6-py2.py3-none-any.whl", hash = "sha256:2f400b37353160af259019938e4397bf823f06a67ce9c50a58b95eb563720f00"},
    {file = "icalendar-4.0.6.tar.gz", hash = "sha256:7e6fe7232622abe32d8f54d0936ffcd5a9087198a4c2f1ec1803a7dd9fdd979f"},
]

[[package]]
name = "idna"
version = "2.10"
requires_python = ">=2.7, !=3.0.*, !=3.1.*, !=3.2.*, !=3.3.*"
summary = "Internationalized Domain Names in Applications (IDNA)"
groups = ["default"]
files = [
    {file = "idna-2.10-py2.py3-none-any.whl", hash = "sha256:b97d804b1e9b523befed77c48dacec60e6dcb0b5391d57af6a65a312a90648c0"},
    {file = "idna-2.10.tar.gz", hash = "sha256:b307872f855b18632ce0c21c5e45be78c0ea7ae4c15c828c20788b26921eb3f6"},
]

[[package]]
name = "legacy-cgi"
version = "2.6.3"
requires_python = ">=3.8"
summary = "Fork of the standard library cgi and cgitb modules removed in Python 3.13"
groups = ["default"]
files = [
    {file = "legacy_cgi-2.6.3-py3-none-any.whl", hash = "sha256:6df2ea5ae14c71ef6f097f8b6372b44f6685283dc018535a75c924564183cdab"},
    {file = "legacy_cgi-2.6.3.tar.gz", hash = "sha256:4c119d6cb8e9d8b6ad7cc0ddad880552c62df4029622835d06dfd18f438a8154"},
]

[[package]]
name = "markdown"
version = "3.8.2"
requires_python = ">=3.9"
summary = "Python implementation of John Gruber's Markdown."
groups = ["default"]
dependencies = [
    "importlib-metadata>=4.4; python_version < \"3.10\"",
]
files = [
    {file = "markdown-3.8.2-py3-none-any.whl", hash = "sha256:5c83764dbd4e00bdd94d85a19b8d55ccca20fe35b2e678a1422b380324dd5f24"},
    {file = "markdown-3.8.2.tar.gz", hash = "sha256:247b9a70dd12e27f67431ce62523e675b866d254f900c4fe75ce3dda62237c45"},
]

[[package]]
name = "mimeparse"
version = "0.1.3"
summary = "A module provides basic functions for parsing mime-type names and matching them against a list of media-ranges."
groups = ["default"]
files = [
    {file = "mimeparse-0.1.3.tar.gz", hash = "sha256:534ff6feefe1cd03984f444e6415aacc79c0a85f3b868ec41a2fd5003004c31e"},
]

[[package]]
name = "oauthlib"
version = "3.1.0"
requires_python = ">=2.7, !=3.0.*, !=3.1.*, !=3.2.*, !=3.3.*"
summary = "A generic, spec-compliant, thorough implementation of the OAuth request-signing logic"
groups = ["default"]
files = [
    {file = "oauthlib-3.1.0-py2.py3-none-any.whl", hash = "sha256:df884cd6cbe20e32633f1db1072e9356f53638e4361bef4e8b03c9127c9328ea"},
    {file = "oauthlib-3.1.0.tar.gz", hash = "sha256:bee41cc35fcca6e988463cacc3bcb8a96224f470ca547e697b604cc697b2f889"},
]

[[package]]
name = "pygments"
version = "2.6.1"
requires_python = ">=3.5"
summary = "Pygments is a syntax highlighting package written in Python."
groups = ["default"]
files = [
    {file = "Pygments-2.6.1-py3-none-any.whl", hash = "sha256:ff7a40b4860b727ab48fad6360eb351cc1b33cbf9b15a0f689ca5353e9463324"},
    {file = "Pygments-2.6.1.tar.gz", hash = "sha256:647344a061c249a3b74e230c739f434d7ea4d8b1d5f3721bc0f3558049b38f44"},
]

[[package]]
name = "pysocks"
version = "1.7.1"
requires_python = ">=2.7, !=3.0.*, !=3.1.*, !=3.2.*, !=3.3.*"
summary = "A Python SOCKS client module. See https://github.com/Anorov/PySocks for more information."
groups = ["default"]
files = [
    {file = "PySocks-1.7.1-py3-none-any.whl", hash = "sha256:2725bd0a9925919b9b51739eea5f9e2bae91e83288108a9ad338b2e3a4435ee5"},
    {file = "PySocks-1.7.1.tar.gz", hash = "sha256:3f8804571ebe159c380ac6de37643bb4685970655d3bba243530d6558b799aa0"},
]

[[package]]
name = "python-dateutil"
version = "2.8.1"
requires_python = "!=3.0.*,!=3.1.*,!=3.2.*,>=2.7"
summary = "Extensions to the standard Python datetime module"
groups = ["default"]
dependencies = [
    "six>=1.5",
]
files = [
    {file = "python-dateutil-2.8.1.tar.gz", hash = "sha256:73ebfe9dbf22e832286dafa60473e4cd239f8592f699aa5adaf10050e6e1823c"},
    {file = "python_dateutil-2.8.1-py2.py3-none-any.whl", hash = "sha256:75bb3f31ea686f1197762692a9ee6a7550b59fc6ca3a1f4b5d7e32fb98e2da2a"},
]

[[package]]
name = "python-mimeparse"
version = "1.6.0"
summary = "A module provides basic functions for parsing mime-type names and matching them against a list of media-ranges."
groups = ["default"]
files = [
    {file = "python-mimeparse-1.6.0.tar.gz", hash = "sha256:76e4b03d700a641fd7761d3cd4fdbbdcd787eade1ebfac43f877016328334f78"},
    {file = "python_mimeparse-1.6.0-py2.py3-none-any.whl", hash = "sha256:a295f03ff20341491bfe4717a39cd0a8cc9afad619ba44b77e86b0ab8a2b8282"},
]

[[package]]
name = "pytz"
version = "2020.1"
summary = "World timezone definitions, modern and historical"
groups = ["default"]
files = [
    {file = "pytz-2020.1-py2.py3-none-any.whl", hash = "sha256:a494d53b6d39c3c6e44c3bec237336e14305e4f29bbf800b599253057fbb79ed"},
    {file = "pytz-2020.1.tar.gz", hash = "sha256:c35965d010ce31b23eeb663ed3cc8c906275d6be1a34393a1d73a41febf4a048"},
]

[[package]]
name = "pyyaml"
version = "5.3.1"
requires_python = ">=2.7, !=3.0.*, !=3.1.*, !=3.2.*, !=3.3.*, !=3.4.*"
summary = "YAML parser and emitter for Python"
groups = ["default"]
files = [
    {file = "PyYAML-5.3.1.tar.gz", hash = "sha256:b8eac752c5e14d3eca0e6dd9199cd627518cb5ec06add0de9d32baeee6fe645d"},
]

[[package]]
name = "regex"
version = "2020.7.14"
summary = "Alternative regular expression module, to replace re."
groups = ["default"]
files = [
    {file = "regex-2020.7.14.tar.gz", hash = "sha256:3a3af27a8d23143c49a3420efe5b3f8cf1a48c6fc8bc6856b03f638abc1833bb"},
]

[[package]]
name = "requests"
version = "2.32.4"
requires_python = ">=3.8"
summary = "Python HTTP for Humans."
groups = ["default"]
dependencies = [
    "certifi>=2017.4.17",
    "charset-normalizer<4,>=2",
    "idna<4,>=2.5",
    "urllib3<3,>=1.21.1",
]
files = [
    {file = "requests-2.32.4-py3-none-any.whl", hash = "sha256:27babd3cda2a6d50b30443204ee89830707d396671944c998b5975b031ac2b2c"},
    {file = "requests-2.32.4.tar.gz", hash = "sha256:27d0316682c8a29834d3264820024b62a36942083d52caf2f14c0591336d3422"},
]

[[package]]
name = "requests-oauthlib"
version = "1.3.0"
requires_python = ">=2.7, !=3.0.*, !=3.1.*, !=3.2.*, !=3.3.*"
summary = "OAuthlib authentication support for Requests."
groups = ["default"]
dependencies = [
    "oauthlib>=3.0.0",
    "requests>=2.0.0",
]
files = [
    {file = "requests-oauthlib-1.3.0.tar.gz", hash = "sha256:b4261601a71fd721a8bd6d7aa1cc1d6a8a93b4a9f5e96626f8e4d91e8beeaa6a"},
    {file = "requests_oauthlib-1.3.0-py2.py3-none-any.whl", hash = "sha256:7f71572defaecd16372f9006f33c2ec8c077c3cfa6f5911a9a90202beb513f3d"},
]

[[package]]
name = "requests"
version = "2.32.4"
extras = ["socks"]
requires_python = ">=3.8"
summary = "Python HTTP for Humans."
groups = ["default"]
dependencies = [
    "PySocks!=1.5.7,>=1.5.6",
    "requests==2.32.4",
]
files = [
    {file = "requests-2.32.4-py3-none-any.whl", hash = "sha256:27babd3cda2a6d50b30443204ee89830707d396671944c998b5975b031ac2b2c"},
    {file = "requests-2.32.4.tar.gz", hash = "sha256:27d0316682c8a29834d3264820024b62a36942083d52caf2f14c0591336d3422"},
]

[[package]]
name = "setuptools"
version = "80.9.0"
requires_python = ">=3.9"
summary = "Easily download, build, install, upgrade, and uninstall Python packages"
groups = ["default"]
files = [
    {file = "setuptools-80.9.0-py3-none-any.whl", hash = "sha256:062d34222ad13e0cc312a4c02d73f059e86a4acbfbdea8f8f76b28c99f306922"},
    {file = "setuptools-80.9.0.tar.gz", hash = "sha256:f36b47402ecde768dbfafc46e8e4207b4360c654f1f3bb84475f0a28628fb19c"},
]

[[package]]
name = "sgmllib3k"
version = "1.0.0"
summary = "Py3k port of sgmllib."
groups = ["default"]
files = [
    {file = "sgmllib3k-1.0.0.tar.gz", hash = "sha256:7868fb1c8bfa764c1ac563d3cf369c381d1325d36124933a726f29fcdaa812e9"},
]

[[package]]
name = "six"
version = "1.17.0"
requires_python = "!=3.0.*,!=3.1.*,!=3.2.*,>=2.7"
summary = "Python 2 and 3 compatibility utilities"
groups = ["default"]
files = [
    {file = "six-1.17.0-py2.py3-none-any.whl", hash = "sha256:4721f391ed90541fddacab5acf947aa0d3dc7d27b2e1e8eda2be8970586c3274"},
    {file = "six-1.17.0.tar.gz", hash = "sha256:ff70335d468e7eb6ec65b95b99d3a2836546063f63acc5171de367e834932a81"},
]

[[package]]
name = "soupsieve"
version = "2.0.1"
requires_python = ">=3.5"
summary = "A modern CSS selector implementation for Beautiful Soup."
groups = ["default"]
dependencies = [
    "backports-functools-lru-cache; python_version < \"3\"",
]
files = [
    {file = "soupsieve-2.0.1-py3-none-any.whl", hash = "sha256:1634eea42ab371d3d346309b93df7870a88610f0725d47528be902a0d95ecc55"},
    {file = "soupsieve-2.0.1.tar.gz", hash = "sha256:a59dc181727e95d25f781f0eb4fd1825ff45590ec8ff49eadfd7f1a537cc0232"},
]

[[package]]
name = "sqlparse"
version = "0.3.1"
requires_python = ">=2.7, !=3.0.*, !=3.1.*, !=3.2.*, !=3.3.*"
summary = "Non-validating SQL parser"
groups = ["default"]
files = [
    {file = "sqlparse-0.3.1-py2.py3-none-any.whl", hash = "sha256:022fb9c87b524d1f7862b3037e541f68597a730a8843245c349fc93e1643dc4e"},
    {file = "sqlparse-0.3.1.tar.gz", hash = "sha256:e162203737712307dfe78860cc56c8da8a852ab2ee33750e33aeadf38d12c548"},
]

[[package]]
name = "tweepy"
version = "3.9.0"
requires_python = ">=2.7, !=3.0.*, !=3.1.*, !=3.2.*, !=3.3.*, !=3.4.*"
summary = "Twitter library for Python"
groups = ["default"]
dependencies = [
    "requests-oauthlib>=0.7.0",
    "requests[socks]>=2.11.1",
    "six>=1.10.0",
]
files = [
    {file = "tweepy-3.9.0-py2.py3-none-any.whl", hash = "sha256:3b3780df00eaa937bbd5427d2011e4b3bcb6a29a87bb4cbb4addfc47850e46a5"},
    {file = "tweepy-3.9.0.tar.gz", hash = "sha256:bfd19a5c11f35f7f199c795f99d9cbf8a52eb33f0ecfb6c91ee10b601180f604"},
]

[[package]]
name = "tzlocal"
version = "2.1"
summary = "tzinfo object for the local timezone"
groups = ["default"]
dependencies = [
    "pytz",
]
files = [
    {file = "tzlocal-2.1-py2.py3-none-any.whl", hash = "sha256:e2cb6c6b5b604af38597403e9852872d7f534962ae2954c7f35efcb1ccacf4a4"},
    {file = "tzlocal-2.1.tar.gz", hash = "sha256:643c97c5294aedc737780a49d9df30889321cbe1204eac2c2ec6134035a92e44"},
]

[[package]]
name = "urllib3"
version = "2.5.0"
requires_python = ">=3.9"
summary = "HTTP library with thread-safe connection pooling, file post, and more."
groups = ["default"]
files = [
    {file = "urllib3-2.5.0-py3-none-any.whl", hash = "sha256:e6b01673c0fa6a13e374b50871808eb3bf7046c4b125b216f6bf1cc604cff0dc"},
    {file = "urllib3-2.5.0.tar.gz", hash = "sha256:3fc47733c7e419d4bc3f6b3dc2b4f890bb743906a30d56ba4a5bfa4bbff92760"},
]

[[package]]
name = "webencodings"
version = "0.5.1"
summary = "Character encoding aliases for legacy web content"
groups = ["default"]
files = [
    {file = "webencodings-0.5.1-py2.py3-none-any.whl", hash = "sha256:a0af1213f3c2226497a97e2b3aa01a7e4bee4f403f95be16fc9acd2947514a78"},
    {file = "webencodings-0.5.1.tar.gz", hash = "sha256:b36a1c245f2d304965eb4e0a82848379241dc04b865afcc4aab16748587e1923"},
]

[[package]]
name = "weirdict"
version = "0.3.0"
summary = "Doing weird things with dicts."
groups = ["default"]
files = [
    {file = "weirdict-0.3.0.tar.gz", hash = "sha256:c24308b2fbdf61b0a9f4f9ebc70e1c62ee61fbc170320aa57c7873238296b4c9"},
]

[[package]]
name = "werkzeug"
version = "1.0.1"
requires_python = ">=2.7, !=3.0.*, !=3.1.*, !=3.2.*, !=3.3.*, !=3.4.*"
summary = "The comprehensive WSGI web application library."
groups = ["default"]
files = [
    {file = "Werkzeug-1.0.1-py2.py3-none-any.whl", hash = "sha256:2de2a5db0baeae7b2d2664949077c2ac63fbd16d98da0ff71837f7d1dea3fd43"},
    {file = "Werkzeug-1.0.1.tar.gz", hash = "sha256:6c80b1e5ad3665290ea39320b91e1be1e0d5f60652b964a3070216de83d2e47c"},
]
